<?xml version="1.0" encoding="utf-8"?>
<Project ToolsVersion="4.0" xmlns:atg="http://atg.xbox.com" xmlns="http://schemas.microsoft.com/developer/msbuild/2003">
  <ItemGroup>
    <Filter Include="0.Default">
      <UniqueIdentifier>{de8e8388-8efa-4a39-910d-f3a3d65f01c1}</UniqueIdentifier>
    </Filter>
    <Filter Include="0.Default\Resource Files">
      <UniqueIdentifier>{8e114980-c1a3-4ada-ad7c-83caadf5daeb}</UniqueIdentifier>
      <Extensions>rc;ico;cur;bmp;dlg;rc2;rct;bin;rgs;gif;jpg;jpeg;jpe</Extensions>
    </Filter>
    <Filter Include="0.Default\Shaders">
      <UniqueIdentifier>{2c3d4c8c-5d1a-459a-a05a-a4e4b608a44e}</UniqueIdentifier>
      <Extensions>fx;fxh;hlsl</Extensions>
    </Filter>
    <Filter Include="0.Default\DXUT">
      <UniqueIdentifier>{a43c5c25-0e86-4a20-b64a-883785ff74fd}</UniqueIdentifier>
    </Filter>
    <Filter Include="2.Client">
      <UniqueIdentifier>{2b8edaf8-ba20-462f-8951-c46edf5db2d4}</UniqueIdentifier>
    </Filter>
    <Filter Include="1.Core">
      <UniqueIdentifier>{501aaf38-7ccc-4db8-913d-8a625b500534}</UniqueIdentifier>
    </Filter>
    <Filter Include="1.Core\0.Scene">
      <UniqueIdentifier>{54c34a35-df0b-4de8-8fb1-7798c06b00fc}</UniqueIdentifier>
    </Filter>
    <Filter Include="1.Core\1.Singleton">
      <UniqueIdentifier>{bd34858d-8986-4458-be35-701ad0e330fb}</UniqueIdentifier>
    </Filter>
    <Filter Include="2.Client\0.Scene">
      <UniqueIdentifier>{9dc7a44a-ec75-4e4a-8cf2-c8995a5e41ad}</UniqueIdentifier>
    </Filter>
    <Filter Include="2.Client\0.Scene\0.MenuScene">
      <UniqueIdentifier>{81396e4d-9972-4c27-bc6c-7894df1a1a5d}</UniqueIdentifier>
    </Filter>
    <Filter Include="1.Core\2.SceneManager">
      <UniqueIdentifier>{f8e4af05-614d-4cbc-8cd6-81ae2c117348}</UniqueIdentifier>
    </Filter>
    <Filter Include="1.Core\3.Object">
      <UniqueIdentifier>{988fa6bc-14a6-4a87-8b2a-63ca3adc4a2b}</UniqueIdentifier>
    </Filter>
    <Filter Include="1.Core\4.Texture">
      <UniqueIdentifier>{e2ce95b6-ba16-48e7-89de-d7b3f14ed38c}</UniqueIdentifier>
    </Filter>
    <Filter Include="1.Core\6.Sprite">
      <UniqueIdentifier>{431d6059-4f8b-467f-b7fe-19f04323deea}</UniqueIdentifier>
    </Filter>
    <Filter Include="1.Core\5.RenderManager">
      <UniqueIdentifier>{11589e7f-51b9-4684-9f81-2bf1daec6fe1}</UniqueIdentifier>
    </Filter>
    <Filter Include="1.Core\7.Camera">
      <UniqueIdentifier>{e96375aa-0998-4af4-aba0-a2e68fe5df94}</UniqueIdentifier>
    </Filter>
    <Filter Include="1.Core\8.TileMapManager">
      <UniqueIdentifier>{21cb39cc-b171-4567-82eb-3f29c4a2cb08}</UniqueIdentifier>
    </Filter>
    <Filter Include="2.Client\0.Scene\1.TileMapScene">
      <UniqueIdentifier>{b9a0bf65-c164-4deb-81fa-7a72d2dc40ce}</UniqueIdentifier>
    </Filter>
    <Filter Include="1.Core\6.Sprite\0.Sprite">
      <UniqueIdentifier>{1df298af-2fbd-4d76-bc87-ba9b2b17e358}</UniqueIdentifier>
    </Filter>
    <Filter Include="1.Core\6.Sprite\1.AniSprite">
      <UniqueIdentifier>{dab44969-8784-40d6-ab39-9aa4a040fde3}</UniqueIdentifier>
    </Filter>
    <Filter Include="2.Client\1.GameObjects">
      <UniqueIdentifier>{14175f04-79a4-4467-ab90-af4a01877518}</UniqueIdentifier>
    </Filter>
    <Filter Include="2.Client\1.GameObjects\1.Player">
      <UniqueIdentifier>{09715fe3-c039-43ba-8661-e5629dac7ae5}</UniqueIdentifier>
    </Filter>
    <Filter Include="2.Client\1.GameObjects\1.Player\0.Player">
      <UniqueIdentifier>{ea5451c9-b36d-48f1-bc0c-d1d82a215a75}</UniqueIdentifier>
    </Filter>
    <Filter Include="2.Client\1.GameObjects\1.Player\1.PlayerState">
      <UniqueIdentifier>{75dcb860-b904-4505-b2dd-a06126d23432}</UniqueIdentifier>
    </Filter>
    <Filter Include="2.Client\1.GameObjects\2.Monster">
      <UniqueIdentifier>{77054b89-e071-4d80-9dbc-083df04b802d}</UniqueIdentifier>
    </Filter>
    <Filter Include="2.Client\1.GameObjects\0.GameObject">
      <UniqueIdentifier>{c3a980d5-e87c-4ede-b890-e2a91eeada0a}</UniqueIdentifier>
    </Filter>
    <Filter Include="2.Client\1.GameObjects\0.GameObject\0.GameObject">
      <UniqueIdentifier>{7d4da27b-cbd4-495a-a960-134d3603fc41}</UniqueIdentifier>
    </Filter>
    <Filter Include="2.Client\1.GameObjects\0.GameObject\1.GameObjectState">
      <UniqueIdentifier>{c7cce23b-a9af-4768-98f1-c05cc8d30935}</UniqueIdentifier>
    </Filter>
    <Filter Include="2.Client\1.GameObjects\2.Monster\0.Octopus">
      <UniqueIdentifier>{5c283089-a957-49d2-98d1-c2acfb7c2855}</UniqueIdentifier>
    </Filter>
    <Filter Include="2.Client\2.Manager">
      <UniqueIdentifier>{2735feac-443c-4cfb-a957-1f69ef59f3bd}</UniqueIdentifier>
    </Filter>
    <Filter Include="2.Client\2.Manager\0.MonsterManager">
      <UniqueIdentifier>{4c36bb57-5ec3-4d27-b782-982be08d1eb5}</UniqueIdentifier>
    </Filter>
    <Filter Include="2.Client\3.UI">
      <UniqueIdentifier>{cf431566-4f5c-43bf-a861-6ebfcae3e624}</UniqueIdentifier>
    </Filter>
    <Filter Include="2.Client\3.UI\0.Minimap">
      <UniqueIdentifier>{1da62f63-d53b-4c74-9db3-3c20836a34d3}</UniqueIdentifier>
    </Filter>
    <Filter Include="2.Client\3.UI\1.HPUI">
      <UniqueIdentifier>{59ea4e6f-1026-4711-b660-60bc292b0bae}</UniqueIdentifier>
    </Filter>
    <Filter Include="2.Client\0.Scene\2.Stage">
      <UniqueIdentifier>{ceaffdca-40ad-4dc7-80f9-b8172ce11002}</UniqueIdentifier>
    </Filter>
    <Filter Include="2.Client\1.GameObjects\2.Monster\1.Boss">
      <UniqueIdentifier>{abc55368-c458-4147-aea8-31655b6fcc07}</UniqueIdentifier>
    </Filter>
    <Filter Include="2.Client\3.UI\2.PlayerLVup">
      <UniqueIdentifier>{aec71f0f-0db0-4e27-bd5b-47877b41f7ac}</UniqueIdentifier>
    </Filter>
    <Filter Include="2.Client\1.GameObjects\3.Effect">
      <UniqueIdentifier>{a5047382-7594-496f-afea-6db3351b7976}</UniqueIdentifier>
    </Filter>
  </ItemGroup>
  <ItemGroup>
    <None Include="DXUT\Optional\directx.ico">
      <Filter>0.Default\Resource Files</Filter>
    </None>
    <ClInclude Include="DXUT\Core\DXUT.h">
      <Filter>0.Default\DXUT</Filter>
    </ClInclude>
    <ClInclude Include="DXUT\Core\DXUTenum.h">
      <Filter>0.Default\DXUT</Filter>
    </ClInclude>
    <ClInclude Include="DXUT\Core\DXUTmisc.h">
      <Filter>0.Default\DXUT</Filter>
    </ClInclude>
    <ClCompile Include="DXUT\Core\DXUT.cpp">
      <Filter>0.Default\DXUT</Filter>
    </ClCompile>
    <ClCompile Include="DXUT\Core\DXUTenum.cpp">
      <Filter>0.Default\DXUT</Filter>
    </ClCompile>
    <ClCompile Include="DXUT\Core\DXUTmisc.cpp">
      <Filter>0.Default\DXUT</Filter>
    </ClCompile>
    <ClInclude Include="DXUT\Optional\DXUTcamera.h">
      <Filter>0.Default\DXUT</Filter>
    </ClInclude>
    <ClInclude Include="DXUT\Optional\DXUTgui.h">
      <Filter>0.Default\DXUT</Filter>
    </ClInclude>
    <ClInclude Include="DXUT\Optional\DXUTres.h">
      <Filter>0.Default\DXUT</Filter>
    </ClInclude>
    <ClInclude Include="DXUT\Optional\DXUTsettingsdlg.h">
      <Filter>0.Default\DXUT</Filter>
    </ClInclude>
    <ClInclude Include="DXUT\Optional\SDKmesh.h">
      <Filter>0.Default\DXUT</Filter>
    </ClInclude>
    <ClInclude Include="DXUT\Optional\SDKmisc.h">
      <Filter>0.Default\DXUT</Filter>
    </ClInclude>
    <ClCompile Include="DXUT\Optional\DXUTcamera.cpp">
      <Filter>0.Default\DXUT</Filter>
    </ClCompile>
    <ClCompile Include="DXUT\Optional\DXUTgui.cpp">
      <Filter>0.Default\DXUT</Filter>
    </ClCompile>
    <ClCompile Include="DXUT\Optional\DXUTres.cpp">
      <Filter>0.Default\DXUT</Filter>
    </ClCompile>
    <ClCompile Include="DXUT\Optional\DXUTsettingsdlg.cpp">
      <Filter>0.Default\DXUT</Filter>
    </ClCompile>
    <ClCompile Include="DXUT\Optional\SDKmesh.cpp">
      <Filter>0.Default\DXUT</Filter>
    </ClCompile>
    <ClCompile Include="DXUT\Optional\SDKmisc.cpp">
      <Filter>0.Default\DXUT</Filter>
    </ClCompile>
  </ItemGroup>
  <ItemGroup>
    <ClCompile Include="THFramework.cpp" />
    <ClCompile Include="Client\MenuScene.cpp">
      <Filter>2.Client\0.Scene\0.MenuScene</Filter>
    </ClCompile>
    <ClCompile Include="Core\Texture.cpp">
      <Filter>1.Core\4.Texture</Filter>
    </ClCompile>
    <ClCompile Include="Core\TileMapManager.cpp">
      <Filter>1.Core\8.TileMapManager</Filter>
    </ClCompile>
    <ClCompile Include="Core\Camera.cpp">
      <Filter>1.Core\7.Camera</Filter>
    </ClCompile>
    <ClCompile Include="Client\TileMapScene.cpp">
      <Filter>2.Client\0.Scene\1.TileMapScene</Filter>
    </ClCompile>
    <ClCompile Include="Client\Player.cpp">
      <Filter>2.Client\1.GameObjects\1.Player\0.Player</Filter>
    </ClCompile>
    <ClCompile Include="Client\PlayerState.cpp">
      <Filter>2.Client\1.GameObjects\1.Player\1.PlayerState</Filter>
    </ClCompile>
    <ClCompile Include="Core\Sprite.cpp">
      <Filter>1.Core\6.Sprite\0.Sprite</Filter>
    </ClCompile>
    <ClCompile Include="Core\AniSprite.cpp">
      <Filter>1.Core\6.Sprite\1.AniSprite</Filter>
    </ClCompile>
    <ClCompile Include="Client\Monster.cpp">
      <Filter>2.Client\1.GameObjects\2.Monster</Filter>
    </ClCompile>
    <ClCompile Include="Client\GameObject.cpp">
      <Filter>2.Client\1.GameObjects\0.GameObject\0.GameObject</Filter>
    </ClCompile>
    <ClCompile Include="Client\MonsterManager.cpp">
      <Filter>2.Client\2.Manager\0.MonsterManager</Filter>
    </ClCompile>
    <ClCompile Include="Client\Octopus.cpp">
      <Filter>2.Client\1.GameObjects\2.Monster\0.Octopus</Filter>
    </ClCompile>
    <ClCompile Include="Client\OctopusState.cpp">
      <Filter>2.Client\1.GameObjects\2.Monster\0.Octopus</Filter>
    </ClCompile>
    <ClCompile Include="Client\Minimap.cpp">
      <Filter>2.Client\3.UI\0.Minimap</Filter>
    </ClCompile>
    <ClCompile Include="Client\HPUI.cpp">
      <Filter>2.Client\3.UI\1.HPUI</Filter>
    </ClCompile>
    <ClCompile Include="Client\Stage.cpp">
      <Filter>2.Client\0.Scene\2.Stage</Filter>
    </ClCompile>
    <ClCompile Include="Client\Boss.cpp">
      <Filter>2.Client\1.GameObjects\2.Monster\1.Boss</Filter>
    </ClCompile>
    <ClCompile Include="Client\BossState.cpp">
      <Filter>2.Client\1.GameObjects\2.Monster\1.Boss</Filter>
    </ClCompile>
    <ClCompile Include="Client\PlayerLVupUI.cpp">
      <Filter>2.Client\3.UI\2.PlayerLVup</Filter>
    </ClCompile>
    <ClCompile Include="Client\Effect.cpp">
      <Filter>2.Client\1.GameObjects\3.Effect</Filter>
    </ClCompile>
  </ItemGroup>
  <ItemGroup>
    <CLInclude Include="resource.h">
      <Filter>0.Default\Resource Files</Filter>
    </CLInclude>
    <ResourceCompile Include="THFramework.rc">
      <Filter>0.Default\Resource Files</Filter>
    </ResourceCompile>
    <ClInclude Include="Core\Scene.h">
      <Filter>1.Core\0.Scene</Filter>
    </ClInclude>
    <ClInclude Include="Client\MenuScene.h">
      <Filter>2.Client\0.Scene\0.MenuScene</Filter>
    </ClInclude>
    <ClInclude Include="Core\Include.h">
      <Filter>1.Core</Filter>
    </ClInclude>
    <ClInclude Include="Core\Singleton.h">
      <Filter>1.Core\1.Singleton</Filter>
    </ClInclude>
    <ClInclude Include="Core\SceneManager.h">
      <Filter>1.Core\2.SceneManager</Filter>
    </ClInclude>
    <ClInclude Include="Core\Object.h">
      <Filter>1.Core\3.Object</Filter>
    </ClInclude>
    <ClInclude Include="Core\Texture.h">
      <Filter>1.Core\4.Texture</Filter>
    </ClInclude>
    <ClInclude Include="Core\RenderManager.h">
      <Filter>1.Core\5.RenderManager</Filter>
    </ClInclude>
    <ClInclude Include="Core\TileMapManager.h">
      <Filter>1.Core\8.TileMapManager</Filter>
    </ClInclude>
    <ClInclude Include="Core\Camera.h">
      <Filter>1.Core\7.Camera</Filter>
    </ClInclude>
    <ClInclude Include="Client\TileMapScene.h">
      <Filter>2.Client\0.Scene\1.TileMapScene</Filter>
    </ClInclude>
    <ClInclude Include="Client\Player.h">
      <Filter>2.Client\1.GameObjects\1.Player\0.Player</Filter>
    </ClInclude>
    <ClInclude Include="Client\PlayerState.h">
      <Filter>2.Client\1.GameObjects\1.Player\1.PlayerState</Filter>
    </ClInclude>
    <ClInclude Include="Core\Sprite.h">
      <Filter>1.Core\6.Sprite\0.Sprite</Filter>
    </ClInclude>
    <ClInclude Include="Core\AniSprite.h">
      <Filter>1.Core\6.Sprite\1.AniSprite</Filter>
    </ClInclude>
    <ClInclude Include="Client\Monster.h">
      <Filter>2.Client\1.GameObjects\2.Monster</Filter>
    </ClInclude>
    <ClInclude Include="Client\GameObjectState.h">
      <Filter>2.Client\1.GameObjects\0.GameObject\1.GameObjectState</Filter>
    </ClInclude>
    <ClInclude Include="Client\GameObject.h">
      <Filter>2.Client\1.GameObjects\0.GameObject\0.GameObject</Filter>
    </ClInclude>
    <ClInclude Include="Client\MonsterManager.h">
      <Filter>2.Client\2.Manager\0.MonsterManager</Filter>
    </ClInclude>
    <ClInclude Include="Client\Octopus.h">
      <Filter>2.Client\1.GameObjects\2.Monster\0.Octopus</Filter>
    </ClInclude>
    <ClInclude Include="Client\OctopusState.h">
      <Filter>2.Client\1.GameObjects\2.Monster\0.Octopus</Filter>
    </ClInclude>
    <ClInclude Include="Client\Minimap.h">
      <Filter>2.Client\3.UI\0.Minimap</Filter>
    </ClInclude>
    <ClInclude Include="Client\HPUI.h">
      <Filter>2.Client\3.UI\1.HPUI</Filter>
    </ClInclude>
    <ClInclude Include="Client\Stage.h">
      <Filter>2.Client\0.Scene\2.Stage</Filter>
    </ClInclude>
    <ClInclude Include="Client\Boss.h">
      <Filter>2.Client\1.GameObjects\2.Monster\1.Boss</Filter>
    </ClInclude>
    <ClInclude Include="Client\BossState.h">
      <Filter>2.Client\1.GameObjects\2.Monster\1.Boss</Filter>
    </ClInclude>
    <ClInclude Include="Client\PlayerLVupUI.h">
      <Filter>2.Client\3.UI\2.PlayerLVup</Filter>
    </ClInclude>
    <ClInclude Include="Client\Effect.h">
      <Filter>2.Client\1.GameObjects\3.Effect</Filter>
    </ClInclude>
  </ItemGroup>
  <ItemGroup>
  </ItemGroup>
</Project>